# Digests of the tests that enforce docs/CONSUMER_CONTRACTS.md.
# Regenerate with: make contract-guard-update
#
# A change here means a contract test changed. That is allowed, and it must
# be explained in the pull request that makes it. The point is that it cannot
# happen quietly.
CC1-rest-vector-ingest pkg/api TestVectorSearch_RESTFloatArrayIngestionRoundTrip 407988e068c7f9650d79871e9298b76b1ad6f40ae826a7a160542e295af2bd8f
CC10-unique-create-after-mmap-reopen pkg/storage TestMmapStage2_UniqueConstraintSurvivesReopen dc419c04a1a9d6bb8de01564bd6a951219693c5133cf9b0de1911329aad779bc
CC11-unreadable-not-missing pkg/storage TestCheckInvariantsReportsADamagedRecord 8ce177bec017725b43e978ee9ed93e9c105836f83b641e6741e5e154e5dc2abd
CC11-unreadable-not-missing pkg/storage TestDamagedRecordIsNotReportedAsMissing 70114f2b9fbf4743a9448a04b8efff4085be97050586380e24eaf332452d4c0e
CC2-vector-nn-identity pkg/api TestVectorSearch_NearestNeighbourCorrectness a7e7bcbfe770fd487376cf5eac1ad4842eced38901a0761de3df2733459cfdad
CC2-vector-nn-identity pkg/storage TestVectorSearchForTenant_KnownAnswerOrdering a97c98c58cbdbb4b7fc74b28f617b705de98039ad368a88945e09a330fd79a18
CC3-adjacency-reopen pkg/storage TestEdgeAdjacencySurvivesReopen f3bca3ada6e52f43333daeebe35d633400efa53b6f6b7b773e7e2cfa910f10b9
CC4-bulkimport-tenant-visible pkg/storage TestBatchCommit_VisibleAfterReopen e5d5c15024ac04cd01178f7fa6f7805bf1f64caf51633aefd0ef17906f406f28
CC4-bulkimport-tenant-visible pkg/storage TestBatchCommit_VisibleToForTenantReaders c347c3a0fd9011c375e42cecf0bcc0568aac3fdf41e42f2b400c14339168f77a
CC5-label-filtered-vector-search pkg/api TestVectorSearch_RESTFloatArrayLabelFilter e0b741211045c03d237937dcde966788c427f3322ea2b027c6e826b68eb8c373
CC6-batch-delete-tenant-index pkg/storage TestBatchDeleteEdge_MaintainsTenantEdgeCount f52a8ba09ad098e9916982f3fefa8c4f053f073a1353a02545992a0128211041
CC6-batch-delete-tenant-index pkg/storage TestBatchDeleteNode_MaintainsTenantIndexAndCounts f481b8a1ca3879b308324481a48c61f942ab88eb26751078ec0a4c29c8466e5a
CC7-batch-partial-echo pkg/api TestBatchNodes_PartialOutOfOrderEchoesProperties 84c6ef8e821d02fbd5801876a691d7a667ba26436584b4d82bdacd5d65b6b142
CC8-label-list-properties-paginated pkg/api TestNodesByLabel_ReturnsPropertiesAcrossPages a0c93445c100a3ac93796a63c80520f2f3de1b31540d17905f4133df525be399
CC9-traverse-outgoing-depth pkg/api TestTraverse_OutgoingNeighborsAtDepth c8c94390cf2911f39f4e99eecdaf52744c6877d1247f90bad960d26174977f10
